// !$*UTF8*$!
{
	archiveVersion = 1;
	classes = {
	};
	objectVersion = 52;
	objects = {

/* Begin PBXBuildFile section */
		01D7CD4F92FA194A8021A13E /* WelcomeView.swift in Sources */ = {isa = PBXBuildFile; fileRef = 910592E63E5BABA4C85D8443 /* WelcomeView.swift */; };
		03D4B2791CAD79239916987D /* AuthenticationView.swift in Sources */ = {isa = PBXBuildFile; fileRef = 8AF61508BDB2ADA914A1D7B4 /* AuthenticationView.swift */; };
		0FFFA5E0764505AD8008B11E /* AppState.swift in Sources */ = {isa = PBXBuildFile; fileRef = B6256A629A02FAD982FCB575 /* AppState.swift */; };
		14649E4102EB693CB212FAEE /* AuthenticationFeature.framework in Embed Frameworks */ = {isa = PBXBuildFile; fileRef = 7EE28703280268DE39CA951F /* AuthenticationFeature.framework */; settings = {ATTRIBUTES = (CodeSignOnCopy, RemoveHeadersOnCopy, ); }; };
		192D15EB7E5DD501AFB8BB6E /* AuthenticationFeature.framework in Frameworks */ = {isa = PBXBuildFile; fileRef = 7EE28703280268DE39CA951F /* AuthenticationFeature.framework */; };
		2655F73DFEEE231632111B3A /* Validator.swift in Sources */ = {isa = PBXBuildFile; fileRef = 59800F40A99A8315FD25B704 /* Validator.swift */; };
		26E21A548FEA4722F09A822A /* ValidatorSpec.swift in Sources */ = {isa = PBXBuildFile; fileRef = 228CE784B6D4B60BE1C0699B /* ValidatorSpec.swift */; };
		29D191C4D2008F83F4D8083B /* AuthenticationFeature.framework in Embed Frameworks */ = {isa = PBXBuildFile; fileRef = 7EE28703280268DE39CA951F /* AuthenticationFeature.framework */; settings = {ATTRIBUTES = (CodeSignOnCopy, RemoveHeadersOnCopy, ); }; };
		2C0F2F15B14FB8AD5DAB46CB /* LoginView.swift in Sources */ = {isa = PBXBuildFile; fileRef = 713D18EDED569ACC43AC9EFF /* LoginView.swift */; };
		30800309898840297881294A /* UIComponents.framework in Frameworks */ = {isa = PBXBuildFile; fileRef = 82993EBECA0777052A54C1C5 /* UIComponents.framework */; };
		3156D2EA962DEDF585A84496 /* CreateUserCore.swift in Sources */ = {isa = PBXBuildFile; fileRef = E6200615B4ED9917CBAFDEE1 /* CreateUserCore.swift */; };
		3323BFA01FC63338C94D561C /* AppEnvironment.swift in Sources */ = {isa = PBXBuildFile; fileRef = 97680F117FC4940C62BAEBFB /* AppEnvironment.swift */; };
		335CF55F3EEC255A4EA68DA7 /* AppReducer.swift in Sources */ = {isa = PBXBuildFile; fileRef = 9F31C209F7E53CBB368860BB /* AppReducer.swift */; };
		34999DABBACEC1D5120691D9 /* AuthenticationFeature.framework in Frameworks */ = {isa = PBXBuildFile; fileRef = 7EE28703280268DE39CA951F /* AuthenticationFeature.framework */; };
		37B525C19EB695EBCD90F9D5 /* CreateUserView.swift in Sources */ = {isa = PBXBuildFile; fileRef = 9B10DAF9C852E2DEC12828EC /* CreateUserView.swift */; };
		3A7349F36A2EB163FA6CD943 /* None.swift in Sources */ = {isa = PBXBuildFile; fileRef = 40E19B0455F9ED0D226D040E /* None.swift */; };
		3E7A3B6AB00DCB094FA48EAF /* CreateUserUseCase.swift in Sources */ = {isa = PBXBuildFile; fileRef = C901A8A3EFC14DDFC97C01B3 /* CreateUserUseCase.swift */; };
		41AEE8AEF2AB411230247C33 /* UserCreationSucceedView.swift in Sources */ = {isa = PBXBuildFile; fileRef = 7043E89056804717438931DA /* UserCreationSucceedView.swift */; };
		41DA9EDF8BB4F2633FE5FF8F /* Publishers+None.swift in Sources */ = {isa = PBXBuildFile; fileRef = 4176CCC7612BE15240552375 /* Publishers+None.swift */; };
		47F057760347689777433C02 /* CreateUserUseCaseTests.swift in Sources */ = {isa = PBXBuildFile; fileRef = 253BEE09A2BEE718F7605E73 /* CreateUserUseCaseTests.swift */; };
		48C643C10364D72DE95B4387 /* ValidationRules.swift in Sources */ = {isa = PBXBuildFile; fileRef = 94325EB2FE35ACFE828D5C76 /* ValidationRules.swift */; };
		49323FAF2A398B04CD0BA054 /* UseCaseType.swift in Sources */ = {isa = PBXBuildFile; fileRef = D7C04A3326965E4FD935DDDE /* UseCaseType.swift */; };
		4F1F80E52195FF7FAB69AB94 /* TestError.swift in Sources */ = {isa = PBXBuildFile; fileRef = 67E72EBB6F8F296F2FF6B1DE /* TestError.swift */; };
		51BA273ABE8C16D6EE31E72A /* ValidateEntityUseCase.swift in Sources */ = {isa = PBXBuildFile; fileRef = 125796B776128180EAE7EEE5 /* ValidateEntityUseCase.swift */; };
		63E28A654BEA2618AEB0A06D /* WelcomeCore.swift in Sources */ = {isa = PBXBuildFile; fileRef = CD5844DD5CCD12A38F6DC291 /* WelcomeCore.swift */; };
		684098D773CC8396139D79C3 /* AppAction.swift in Sources */ = {isa = PBXBuildFile; fileRef = 74658F2B73716E4BE177CA4A /* AppAction.swift */; };
		6AED71ED8A5F799BE97ABC56 /* ValidateEntityUseCaseSpec.swift in Sources */ = {isa = PBXBuildFile; fileRef = 06B100E5573EFAA4B3930D7A /* ValidateEntityUseCaseSpec.swift */; };
		6DFDD2DE478DE20B5D328361 /* Assets.xcassets in Resources */ = {isa = PBXBuildFile; fileRef = D98090A62B4549770E0245C4 /* Assets.xcassets */; };
		74A3670698CEDBCDC7C37CDA /* Launch Screen.storyboard in Resources */ = {isa = PBXBuildFile; fileRef = 2B36F7219A9475EB1E3624C5 /* Launch Screen.storyboard */; };
		7B8FD96E277277BD00480CE7 /* WelcomeCoreTests.swift in Sources */ = {isa = PBXBuildFile; fileRef = 7B8FD96D277277BD00480CE7 /* WelcomeCoreTests.swift */; };
		7B8FD97127727ACB00480CE7 /* TestEnvironment.swift in Sources */ = {isa = PBXBuildFile; fileRef = 7B8FD96F27727ABA00480CE7 /* TestEnvironment.swift */; };
		7BF8FD5039608FFDDFF85778 /* AppView.swift in Sources */ = {isa = PBXBuildFile; fileRef = 7AC0AF9D0AE475493B8E2C36 /* AppView.swift */; };
		7C3307E3C00863021CE7FC2F /* User+Create.swift in Sources */ = {isa = PBXBuildFile; fileRef = 57F761AA56147991D6B02F29 /* User+Create.swift */; };
		87A28F2F51379B679E3BB9BD /* ComposableArchitecture in Frameworks */ = {isa = PBXBuildFile; productRef = 0A9B536E39E313AB9007EB43 /* ComposableArchitecture */; };
		8970C13DDFF6B0FADC579C9E /* Nimble.xcframework in Frameworks */ = {isa = PBXBuildFile; fileRef = 0372BBA52F916573C76B77D2 /* Nimble.xcframework */; };
		8EC964DCED3CD9A994CED21F /* ValidationBuilder.swift in Sources */ = {isa = PBXBuildFile; fileRef = 6603B5397F26AD3044FBB7FE /* ValidationBuilder.swift */; };
		94B717F4537E6675877B7FB2 /* Quick.xcframework in Embed Frameworks */ = {isa = PBXBuildFile; fileRef = 23EDA01090583009DE0E2C8F /* Quick.xcframework */; settings = {ATTRIBUTES = (CodeSignOnCopy, RemoveHeadersOnCopy, ); }; };
		9E4310712E707994F419E2C0 /* User+Get.swift in Sources */ = {isa = PBXBuildFile; fileRef = B83C66261B115363B06E9DA0 /* User+Get.swift */; };
		9F231F55BA9A8C9ADE3EE362 /* KurlykTests.swift in Sources */ = {isa = PBXBuildFile; fileRef = FD7F2E92BC7A6AAFED67E9FF /* KurlykTests.swift */; };
		A22624FE1064B93DC46E641C /* ThrowableCatchers.swift in Sources */ = {isa = PBXBuildFile; fileRef = 70A2E13447271AD653225CD8 /* ThrowableCatchers.swift */; };
		A49293D0ECAA079E6D1F8B9F /* Domain.framework in Embed Frameworks */ = {isa = PBXBuildFile; fileRef = 33ED4352394272BA7B178E0E /* Domain.framework */; settings = {ATTRIBUTES = (CodeSignOnCopy, RemoveHeadersOnCopy, ); }; };
		A512171210F054A413968E36 /* FilledButton.swift in Sources */ = {isa = PBXBuildFile; fileRef = 66528120CE291893BAA4724B /* FilledButton.swift */; };
		A70B01D8633F1AB910925067 /* Effect+Async.swift in Sources */ = {isa = PBXBuildFile; fileRef = 3CA243608FE96C99B5F45C53 /* Effect+Async.swift */; };
		B782E8B77E9644352F7ECFCB /* Domain.framework in Frameworks */ = {isa = PBXBuildFile; fileRef = 33ED4352394272BA7B178E0E /* Domain.framework */; };
		B7FCA944A0B3282C09BFEC7F /* GetUserUseCase.swift in Sources */ = {isa = PBXBuildFile; fileRef = E0FC9F471009ECE3C3B4A270 /* GetUserUseCase.swift */; };
		BB6647B93731DE66E59A47C0 /* KurlykApp.swift in Sources */ = {isa = PBXBuildFile; fileRef = 8126799005F7427F5A5A26D0 /* KurlykApp.swift */; };
		C0C3F9CF845480217F4A1352 /* Quick.xcframework in Frameworks */ = {isa = PBXBuildFile; fileRef = 23EDA01090583009DE0E2C8F /* Quick.xcframework */; };
		D3E00F8FDADE60A7754BF5FF /* Domain.framework in Frameworks */ = {isa = PBXBuildFile; fileRef = 33ED4352394272BA7B178E0E /* Domain.framework */; };
		D40FE71D786F92F25E478504 /* DI.swift in Sources */ = {isa = PBXBuildFile; fileRef = 2CB483A6DA41C615EB520EFA /* DI.swift */; };
		D44004221FBEB28AB8189207 /* Nimble.xcframework in Embed Frameworks */ = {isa = PBXBuildFile; fileRef = 0372BBA52F916573C76B77D2 /* Nimble.xcframework */; settings = {ATTRIBUTES = (CodeSignOnCopy, RemoveHeadersOnCopy, ); }; };
		D6B9FF966DD2AF31A7A833AB /* NamedField.swift in Sources */ = {isa = PBXBuildFile; fileRef = FF60ED2931098EC8A9C3376C /* NamedField.swift */; };
		E76E5B4F78CDF40A1E6709BB /* ValidationError.swift in Sources */ = {isa = PBXBuildFile; fileRef = B04BB8F62F8B2ABA6D47D24D /* ValidationError.swift */; };
		E7FDA1C0A68C235CCF0B5E12 /* Preview Assets.xcassets in Resources */ = {isa = PBXBuildFile; fileRef = F2C4D035169E50D1216CBDA7 /* Preview Assets.xcassets */; };
		E89EB0C92F01CDECB6381FDE /* AuthenticationCore.swift in Sources */ = {isa = PBXBuildFile; fileRef = DE0C38BB7709F7AB2B8E9824 /* AuthenticationCore.swift */; };
		EB713AFFEC4D747395DC5312 /* DomainError.swift in Sources */ = {isa = PBXBuildFile; fileRef = B3830EFBCD68088405BD2CC8 /* DomainError.swift */; };
		EEA700EFC2A1AD085D220A76 /* User.swift in Sources */ = {isa = PBXBuildFile; fileRef = 1702D42031CFF0A26C822179 /* User.swift */; };
		FAC0D8757BCAD722A988A245 /* Mocks.swift in Sources */ = {isa = PBXBuildFile; fileRef = 07CA75A74F54E8E63A0D766F /* Mocks.swift */; };
/* End PBXBuildFile section */

/* Begin PBXContainerItemProxy section */
		16C000EE1A16A5E0D9F8E5AA /* PBXContainerItemProxy */ = {
			isa = PBXContainerItemProxy;
			containerPortal = 3739C1908CA6CBC8381E56E4 /* Project object */;
			proxyType = 1;
			remoteGlobalIDString = CE11FFDF36710C2189FDFF53;
			remoteInfo = Domain;
		};
		3F20802CBBCBB59DD696838A /* PBXContainerItemProxy */ = {
			isa = PBXContainerItemProxy;
			containerPortal = 3739C1908CA6CBC8381E56E4 /* Project object */;
			proxyType = 1;
			remoteGlobalIDString = F855B2E44F867E0ADD65FA3A;
			remoteInfo = Kurlyk;
		};
		4C02E820C510E67CFDD67D62 /* PBXContainerItemProxy */ = {
			isa = PBXContainerItemProxy;
			containerPortal = 3739C1908CA6CBC8381E56E4 /* Project object */;
			proxyType = 1;
			remoteGlobalIDString = 1617B8022C6D6243DF73F3F5;
			remoteInfo = AuthenticationFeature;
		};
		BF355B303F56F1B71B7630A2 /* PBXContainerItemProxy */ = {
			isa = PBXContainerItemProxy;
			containerPortal = 3739C1908CA6CBC8381E56E4 /* Project object */;
			proxyType = 1;
			remoteGlobalIDString = 1617B8022C6D6243DF73F3F5;
			remoteInfo = AuthenticationFeature;
		};
		D03E33F61D466CC9FB04FB07 /* PBXContainerItemProxy */ = {
			isa = PBXContainerItemProxy;
			containerPortal = 3739C1908CA6CBC8381E56E4 /* Project object */;
			proxyType = 1;
			remoteGlobalIDString = 76BC7BDD3C5CFB42ADB84016;
			remoteInfo = UIComponents;
		};
		E12055BB81F3878072C4F2D2 /* PBXContainerItemProxy */ = {
			isa = PBXContainerItemProxy;
			containerPortal = 3739C1908CA6CBC8381E56E4 /* Project object */;
			proxyType = 1;
			remoteGlobalIDString = CE11FFDF36710C2189FDFF53;
			remoteInfo = Domain;
		};
/* End PBXContainerItemProxy section */

/* Begin PBXCopyFilesBuildPhase section */
		27F22D05F35E72A85D02F1F9 /* Embed Frameworks */ = {
			isa = PBXCopyFilesBuildPhase;
			buildActionMask = 2147483647;
			dstPath = "";
			dstSubfolderSpec = 10;
			files = (
				A49293D0ECAA079E6D1F8B9F /* Domain.framework in Embed Frameworks */,
				D44004221FBEB28AB8189207 /* Nimble.xcframework in Embed Frameworks */,
				94B717F4537E6675877B7FB2 /* Quick.xcframework in Embed Frameworks */,
			);
			name = "Embed Frameworks";
			runOnlyForDeploymentPostprocessing = 0;
		};
		679A6678E8C1F008B3DCB8E9 /* Embed Frameworks */ = {
			isa = PBXCopyFilesBuildPhase;
			buildActionMask = 2147483647;
			dstPath = "";
			dstSubfolderSpec = 10;
			files = (
				29D191C4D2008F83F4D8083B /* AuthenticationFeature.framework in Embed Frameworks */,
			);
			name = "Embed Frameworks";
			runOnlyForDeploymentPostprocessing = 0;
		};
		D947397AA1B6076017C5A749 /* Embed Frameworks */ = {
			isa = PBXCopyFilesBuildPhase;
			buildActionMask = 2147483647;
			dstPath = "";
			dstSubfolderSpec = 10;
			files = (
				14649E4102EB693CB212FAEE /* AuthenticationFeature.framework in Embed Frameworks */,
			);
			name = "Embed Frameworks";
			runOnlyForDeploymentPostprocessing = 0;
		};
/* End PBXCopyFilesBuildPhase section */

/* Begin PBXFileReference section */
		0372BBA52F916573C76B77D2 /* Nimble.xcframework */ = {isa = PBXFileReference; lastKnownFileType = wrapper.xcframework; name = Nimble.xcframework; path = Carthage/Build/Nimble.xcframework; sourceTree = "<group>"; };
		06B100E5573EFAA4B3930D7A /* ValidateEntityUseCaseSpec.swift */ = {isa = PBXFileReference; lastKnownFileType = sourcecode.swift; path = ValidateEntityUseCaseSpec.swift; sourceTree = "<group>"; };
		07CA75A74F54E8E63A0D766F /* Mocks.swift */ = {isa = PBXFileReference; lastKnownFileType = sourcecode.swift; path = Mocks.swift; sourceTree = "<group>"; };
		125796B776128180EAE7EEE5 /* ValidateEntityUseCase.swift */ = {isa = PBXFileReference; lastKnownFileType = sourcecode.swift; path = ValidateEntityUseCase.swift; sourceTree = "<group>"; };
		12C159DFC20751D57E99B40A /* Info.plist */ = {isa = PBXFileReference; lastKnownFileType = text.plist; path = Info.plist; sourceTree = "<group>"; };
		1702D42031CFF0A26C822179 /* User.swift */ = {isa = PBXFileReference; lastKnownFileType = sourcecode.swift; path = User.swift; sourceTree = "<group>"; };
		228CE784B6D4B60BE1C0699B /* ValidatorSpec.swift */ = {isa = PBXFileReference; lastKnownFileType = sourcecode.swift; path = ValidatorSpec.swift; sourceTree = "<group>"; };
		23EDA01090583009DE0E2C8F /* Quick.xcframework */ = {isa = PBXFileReference; lastKnownFileType = wrapper.xcframework; name = Quick.xcframework; path = Carthage/Build/Quick.xcframework; sourceTree = "<group>"; };
		253BEE09A2BEE718F7605E73 /* CreateUserUseCaseTests.swift */ = {isa = PBXFileReference; lastKnownFileType = sourcecode.swift; path = CreateUserUseCaseTests.swift; sourceTree = "<group>"; };
		2B07BF904A56F4EEEB4DE9CA /* project.yml */ = {isa = PBXFileReference; lastKnownFileType = text.yaml; path = project.yml; sourceTree = "<group>"; };
		2B36F7219A9475EB1E3624C5 /* Launch Screen.storyboard */ = {isa = PBXFileReference; lastKnownFileType = file.storyboard; path = "Launch Screen.storyboard"; sourceTree = "<group>"; };
		2CB483A6DA41C615EB520EFA /* DI.swift */ = {isa = PBXFileReference; lastKnownFileType = sourcecode.swift; path = DI.swift; sourceTree = "<group>"; };
		33ED4352394272BA7B178E0E /* Domain.framework */ = {isa = PBXFileReference; explicitFileType = wrapper.framework; includeInIndex = 0; path = Domain.framework; sourceTree = BUILT_PRODUCTS_DIR; };
		3907E3E09A18B39836D36B3E /* Kurlyk.app */ = {isa = PBXFileReference; includeInIndex = 0; lastKnownFileType = wrapper.application; path = Kurlyk.app; sourceTree = BUILT_PRODUCTS_DIR; };
		3CA243608FE96C99B5F45C53 /* Effect+Async.swift */ = {isa = PBXFileReference; lastKnownFileType = sourcecode.swift; path = "Effect+Async.swift"; sourceTree = "<group>"; };
		40E19B0455F9ED0D226D040E /* None.swift */ = {isa = PBXFileReference; lastKnownFileType = sourcecode.swift; path = None.swift; sourceTree = "<group>"; };
		4176CCC7612BE15240552375 /* Publishers+None.swift */ = {isa = PBXFileReference; lastKnownFileType = sourcecode.swift; path = "Publishers+None.swift"; sourceTree = "<group>"; };
		57F761AA56147991D6B02F29 /* User+Create.swift */ = {isa = PBXFileReference; lastKnownFileType = sourcecode.swift; path = "User+Create.swift"; sourceTree = "<group>"; };
		59800F40A99A8315FD25B704 /* Validator.swift */ = {isa = PBXFileReference; lastKnownFileType = sourcecode.swift; path = Validator.swift; sourceTree = "<group>"; };
		6603B5397F26AD3044FBB7FE /* ValidationBuilder.swift */ = {isa = PBXFileReference; lastKnownFileType = sourcecode.swift; path = ValidationBuilder.swift; sourceTree = "<group>"; };
		66528120CE291893BAA4724B /* FilledButton.swift */ = {isa = PBXFileReference; lastKnownFileType = sourcecode.swift; path = FilledButton.swift; sourceTree = "<group>"; };
		67E72EBB6F8F296F2FF6B1DE /* TestError.swift */ = {isa = PBXFileReference; lastKnownFileType = sourcecode.swift; path = TestError.swift; sourceTree = "<group>"; };
		7043E89056804717438931DA /* UserCreationSucceedView.swift */ = {isa = PBXFileReference; lastKnownFileType = sourcecode.swift; path = UserCreationSucceedView.swift; sourceTree = "<group>"; };
		70A2E13447271AD653225CD8 /* ThrowableCatchers.swift */ = {isa = PBXFileReference; lastKnownFileType = sourcecode.swift; path = ThrowableCatchers.swift; sourceTree = "<group>"; };
		713D18EDED569ACC43AC9EFF /* LoginView.swift */ = {isa = PBXFileReference; lastKnownFileType = sourcecode.swift; path = LoginView.swift; sourceTree = "<group>"; };
		74658F2B73716E4BE177CA4A /* AppAction.swift */ = {isa = PBXFileReference; lastKnownFileType = sourcecode.swift; path = AppAction.swift; sourceTree = "<group>"; };
		7AC0AF9D0AE475493B8E2C36 /* AppView.swift */ = {isa = PBXFileReference; lastKnownFileType = sourcecode.swift; path = AppView.swift; sourceTree = "<group>"; };
		7B8FD96C277277BC00480CE7 /* AuthenticationFeatureTests-Bridging-Header.h */ = {isa = PBXFileReference; lastKnownFileType = sourcecode.c.h; path = "AuthenticationFeatureTests-Bridging-Header.h"; sourceTree = "<group>"; };
		7B8FD96D277277BD00480CE7 /* WelcomeCoreTests.swift */ = {isa = PBXFileReference; lastKnownFileType = sourcecode.swift; path = WelcomeCoreTests.swift; sourceTree = "<group>"; };
		7B8FD96F27727ABA00480CE7 /* TestEnvironment.swift */ = {isa = PBXFileReference; lastKnownFileType = sourcecode.swift; path = TestEnvironment.swift; sourceTree = "<group>"; };
		7EE28703280268DE39CA951F /* AuthenticationFeature.framework */ = {isa = PBXFileReference; explicitFileType = wrapper.framework; includeInIndex = 0; path = AuthenticationFeature.framework; sourceTree = BUILT_PRODUCTS_DIR; };
		8126799005F7427F5A5A26D0 /* KurlykApp.swift */ = {isa = PBXFileReference; lastKnownFileType = sourcecode.swift; path = KurlykApp.swift; sourceTree = "<group>"; };
		82993EBECA0777052A54C1C5 /* UIComponents.framework */ = {isa = PBXFileReference; explicitFileType = wrapper.framework; includeInIndex = 0; path = UIComponents.framework; sourceTree = BUILT_PRODUCTS_DIR; };
		8AF61508BDB2ADA914A1D7B4 /* AuthenticationView.swift */ = {isa = PBXFileReference; lastKnownFileType = sourcecode.swift; path = AuthenticationView.swift; sourceTree = "<group>"; };
		910592E63E5BABA4C85D8443 /* WelcomeView.swift */ = {isa = PBXFileReference; lastKnownFileType = sourcecode.swift; path = WelcomeView.swift; sourceTree = "<group>"; };
		94325EB2FE35ACFE828D5C76 /* ValidationRules.swift */ = {isa = PBXFileReference; lastKnownFileType = sourcecode.swift; path = ValidationRules.swift; sourceTree = "<group>"; };
		97680F117FC4940C62BAEBFB /* AppEnvironment.swift */ = {isa = PBXFileReference; lastKnownFileType = sourcecode.swift; path = AppEnvironment.swift; sourceTree = "<group>"; };
		9B10DAF9C852E2DEC12828EC /* CreateUserView.swift */ = {isa = PBXFileReference; lastKnownFileType = sourcecode.swift; path = CreateUserView.swift; sourceTree = "<group>"; };
		9C841BFDB30768DFCE68364D /* Info.plist */ = {isa = PBXFileReference; lastKnownFileType = text.plist; path = Info.plist; sourceTree = "<group>"; };
		9DB996B20FCD78793A777021 /* Info.plist */ = {isa = PBXFileReference; lastKnownFileType = text.plist; path = Info.plist; sourceTree = "<group>"; };
		9F31C209F7E53CBB368860BB /* AppReducer.swift */ = {isa = PBXFileReference; lastKnownFileType = sourcecode.swift; path = AppReducer.swift; sourceTree = "<group>"; };
		B04BB8F62F8B2ABA6D47D24D /* ValidationError.swift */ = {isa = PBXFileReference; lastKnownFileType = sourcecode.swift; path = ValidationError.swift; sourceTree = "<group>"; };
		B3830EFBCD68088405BD2CC8 /* DomainError.swift */ = {isa = PBXFileReference; lastKnownFileType = sourcecode.swift; path = DomainError.swift; sourceTree = "<group>"; };
		B6256A629A02FAD982FCB575 /* AppState.swift */ = {isa = PBXFileReference; lastKnownFileType = sourcecode.swift; path = AppState.swift; sourceTree = "<group>"; };
		B6FA2ABDE5928060EF2A1AD9 /* DomainTests.xctest */ = {isa = PBXFileReference; includeInIndex = 0; lastKnownFileType = wrapper.cfbundle; path = DomainTests.xctest; sourceTree = BUILT_PRODUCTS_DIR; };
		B83C66261B115363B06E9DA0 /* User+Get.swift */ = {isa = PBXFileReference; lastKnownFileType = sourcecode.swift; path = "User+Get.swift"; sourceTree = "<group>"; };
		BF5C89BD0382EDF524222415 /* DomainTests-Bridging-Header.h */ = {isa = PBXFileReference; lastKnownFileType = sourcecode.c.h; path = "DomainTests-Bridging-Header.h"; sourceTree = "<group>"; };
		C901A8A3EFC14DDFC97C01B3 /* CreateUserUseCase.swift */ = {isa = PBXFileReference; lastKnownFileType = sourcecode.swift; path = CreateUserUseCase.swift; sourceTree = "<group>"; };
		CD5844DD5CCD12A38F6DC291 /* WelcomeCore.swift */ = {isa = PBXFileReference; lastKnownFileType = sourcecode.swift; path = WelcomeCore.swift; sourceTree = "<group>"; };
		D7C04A3326965E4FD935DDDE /* UseCaseType.swift */ = {isa = PBXFileReference; lastKnownFileType = sourcecode.swift; path = UseCaseType.swift; sourceTree = "<group>"; };
		D82A843A1BB69F091169827C /* KurlykTests.xctest */ = {isa = PBXFileReference; includeInIndex = 0; lastKnownFileType = wrapper.cfbundle; path = KurlykTests.xctest; sourceTree = BUILT_PRODUCTS_DIR; };
		D98090A62B4549770E0245C4 /* Assets.xcassets */ = {isa = PBXFileReference; lastKnownFileType = folder.assetcatalog; path = Assets.xcassets; sourceTree = "<group>"; };
		DC096609BE8F1DD572115A08 /* AuthenticationFeatureTests.xctest */ = {isa = PBXFileReference; explicitFileType = wrapper.cfbundle; includeInIndex = 0; path = AuthenticationFeatureTests.xctest; sourceTree = BUILT_PRODUCTS_DIR; };
		DE0C38BB7709F7AB2B8E9824 /* AuthenticationCore.swift */ = {isa = PBXFileReference; lastKnownFileType = sourcecode.swift; path = AuthenticationCore.swift; sourceTree = "<group>"; };
		E0FC9F471009ECE3C3B4A270 /* GetUserUseCase.swift */ = {isa = PBXFileReference; lastKnownFileType = sourcecode.swift; path = GetUserUseCase.swift; sourceTree = "<group>"; };
		E6200615B4ED9917CBAFDEE1 /* CreateUserCore.swift */ = {isa = PBXFileReference; lastKnownFileType = sourcecode.swift; path = CreateUserCore.swift; sourceTree = "<group>"; };
		F2C4D035169E50D1216CBDA7 /* Preview Assets.xcassets */ = {isa = PBXFileReference; lastKnownFileType = folder.assetcatalog; path = "Preview Assets.xcassets"; sourceTree = "<group>"; };
		F96411CE5D2FB74BC8711EE8 /* Info.plist */ = {isa = PBXFileReference; lastKnownFileType = text.plist; path = Info.plist; sourceTree = "<group>"; };
		FD7F2E92BC7A6AAFED67E9FF /* KurlykTests.swift */ = {isa = PBXFileReference; lastKnownFileType = sourcecode.swift; path = KurlykTests.swift; sourceTree = "<group>"; };
		FF60ED2931098EC8A9C3376C /* NamedField.swift */ = {isa = PBXFileReference; lastKnownFileType = sourcecode.swift; path = NamedField.swift; sourceTree = "<group>"; };
/* End PBXFileReference section */

/* Begin PBXFrameworksBuildPhase section */
		4935D04CAE8F70A3D3190F36 /* Frameworks */ = {
			isa = PBXFrameworksBuildPhase;
			buildActionMask = 2147483647;
			files = (
				B782E8B77E9644352F7ECFCB /* Domain.framework in Frameworks */,
				8970C13DDFF6B0FADC579C9E /* Nimble.xcframework in Frameworks */,
				C0C3F9CF845480217F4A1352 /* Quick.xcframework in Frameworks */,
			);
			runOnlyForDeploymentPostprocessing = 0;
		};
		6DB3F778405CB02E83AECFB9 /* Frameworks */ = {
			isa = PBXFrameworksBuildPhase;
			buildActionMask = 2147483647;
			files = (
				192D15EB7E5DD501AFB8BB6E /* AuthenticationFeature.framework in Frameworks */,
			);
			runOnlyForDeploymentPostprocessing = 0;
		};
		9E2E9A0D8DE28A2F809DEA12 /* Frameworks */ = {
			isa = PBXFrameworksBuildPhase;
			buildActionMask = 2147483647;
			files = (
				30800309898840297881294A /* UIComponents.framework in Frameworks */,
			);
			runOnlyForDeploymentPostprocessing = 0;
		};
		C180DD64E4CFA3F1B6508939 /* Frameworks */ = {
			isa = PBXFrameworksBuildPhase;
			buildActionMask = 2147483647;
			files = (
				34999DABBACEC1D5120691D9 /* AuthenticationFeature.framework in Frameworks */,
			);
			runOnlyForDeploymentPostprocessing = 0;
		};
		FC5B03C9726BF896A0511FA2 /* Frameworks */ = {
			isa = PBXFrameworksBuildPhase;
			buildActionMask = 2147483647;
			files = (
				D3E00F8FDADE60A7754BF5FF /* Domain.framework in Frameworks */,
				87A28F2F51379B679E3BB9BD /* ComposableArchitecture in Frameworks */,
			);
			runOnlyForDeploymentPostprocessing = 0;
		};
/* End PBXFrameworksBuildPhase section */

/* Begin PBXGroup section */
		000F0ED3192EBC9E74611467 /* DI */ = {
			isa = PBXGroup;
			children = (
				2CB483A6DA41C615EB520EFA /* DI.swift */,
			);
			path = DI;
			sourceTree = "<group>";
		};
		09CD6CBFF65FD1B9A796F61B /* Kurlyk */ = {
			isa = PBXGroup;
			children = (
				373E155B396CE37ADC916B1C /* Sources */,
				98C774AD7670126E5A617FD4 /* Tests */,
			);
			path = Kurlyk;
			sourceTree = "<group>";
		};
		1983BAB3E3AD88EC082694A1 /* Utils */ = {
			isa = PBXGroup;
			children = (
				70A2E13447271AD653225CD8 /* ThrowableCatchers.swift */,
			);
			path = Utils;
			sourceTree = "<group>";
		};
		19A22F33890A902A19BE5A5E /* Tests */ = {
			isa = PBXGroup;
			children = (
				253BEE09A2BEE718F7605E73 /* CreateUserUseCaseTests.swift */,
				BF5C89BD0382EDF524222415 /* DomainTests-Bridging-Header.h */,
				06B100E5573EFAA4B3930D7A /* ValidateEntityUseCaseSpec.swift */,
				228CE784B6D4B60BE1C0699B /* ValidatorSpec.swift */,
				F991A87A258A2A3676983887 /* Common */,
			);
			path = Tests;
			sourceTree = "<group>";
		};
		1D738F8DA963C1DD7B951334 /* Sources */ = {
			isa = PBXGroup;
			children = (
				C5230B39E4816B8494B32F10 /* Buttons */,
				CF146DF840ACEF4BD8105814 /* Extensions */,
				B14179FBF85FC3168AF35893 /* Fields */,
				BACB75DFF7156A1B0F3FF73A /* Framework */,
			);
			path = Sources;
			sourceTree = "<group>";
		};
		2917703EE098CB81B64871C5 /* Framework */ = {
			isa = PBXGroup;
			children = (
				F96411CE5D2FB74BC8711EE8 /* Info.plist */,
			);
			path = Framework;
			sourceTree = "<group>";
		};
		2FC610F7A17A0BAE588B0051 /* Sources */ = {
			isa = PBXGroup;
			children = (
				2917703EE098CB81B64871C5 /* Framework */,
				9C4B903FDA75AD3B4AF4604F /* Shared */,
				726295393688F404F7B1B8EC /* User */,
			);
			path = Sources;
			sourceTree = "<group>";
		};
		3095223C6F9F72575CEA8941 /* AppView */ = {
			isa = PBXGroup;
			children = (
				74658F2B73716E4BE177CA4A /* AppAction.swift */,
				97680F117FC4940C62BAEBFB /* AppEnvironment.swift */,
				9F31C209F7E53CBB368860BB /* AppReducer.swift */,
				B6256A629A02FAD982FCB575 /* AppState.swift */,
				7AC0AF9D0AE475493B8E2C36 /* AppView.swift */,
			);
			path = AppView;
			sourceTree = "<group>";
		};
		32F909E5CCF17E33FBCE5B71 /* Products */ = {
			isa = PBXGroup;
			children = (
				7EE28703280268DE39CA951F /* AuthenticationFeature.framework */,
				DC096609BE8F1DD572115A08 /* AuthenticationFeatureTests.xctest */,
				33ED4352394272BA7B178E0E /* Domain.framework */,
				B6FA2ABDE5928060EF2A1AD9 /* DomainTests.xctest */,
				3907E3E09A18B39836D36B3E /* Kurlyk.app */,
				D82A843A1BB69F091169827C /* KurlykTests.xctest */,
				82993EBECA0777052A54C1C5 /* UIComponents.framework */,
			);
			name = Products;
			sourceTree = "<group>";
		};
		373E155B396CE37ADC916B1C /* Sources */ = {
			isa = PBXGroup;
			children = (
				3CE412FF593422D3D3909E1D /* Application */,
				A4A567112946900B12C4ECF7 /* Resources */,
			);
			path = Sources;
			sourceTree = "<group>";
		};
		3CE412FF593422D3D3909E1D /* Application */ = {
			isa = PBXGroup;
			children = (
				12C159DFC20751D57E99B40A /* Info.plist */,
				8126799005F7427F5A5A26D0 /* KurlykApp.swift */,
				3095223C6F9F72575CEA8941 /* AppView */,
			);
			path = Application;
			sourceTree = "<group>";
		};
		44DD896596EB1AFF247B2C4E /* Protocols */ = {
			isa = PBXGroup;
			children = (
				D7C04A3326965E4FD935DDDE /* UseCaseType.swift */,
			);
			path = Protocols;
			sourceTree = "<group>";
		};
		5E799CF4E872D43242776A3C /* UIComponents */ = {
			isa = PBXGroup;
			children = (
				1D738F8DA963C1DD7B951334 /* Sources */,
			);
			path = UIComponents;
			sourceTree = "<group>";
		};
		6081D37626779FA35E5DCA6A /* EntryPoint */ = {
			isa = PBXGroup;
			children = (
				DE0C38BB7709F7AB2B8E9824 /* AuthenticationCore.swift */,
				8AF61508BDB2ADA914A1D7B4 /* AuthenticationView.swift */,
			);
			path = EntryPoint;
			sourceTree = "<group>";
		};
		6B1A8B6056954C882C91E066 /* Domain */ = {
			isa = PBXGroup;
			children = (
				2FC610F7A17A0BAE588B0051 /* Sources */,
				19A22F33890A902A19BE5A5E /* Tests */,
			);
			path = Domain;
			sourceTree = "<group>";
		};
		726295393688F404F7B1B8EC /* User */ = {
			isa = PBXGroup;
			children = (
				C901A8A3EFC14DDFC97C01B3 /* CreateUserUseCase.swift */,
				E0FC9F471009ECE3C3B4A270 /* GetUserUseCase.swift */,
				1702D42031CFF0A26C822179 /* User.swift */,
				57F761AA56147991D6B02F29 /* User+Create.swift */,
				B83C66261B115363B06E9DA0 /* User+Get.swift */,
			);
			path = User;
			sourceTree = "<group>";
		};
		90B11BDBD606637AD9D7588E /* Validator */ = {
			isa = PBXGroup;
			children = (
				125796B776128180EAE7EEE5 /* ValidateEntityUseCase.swift */,
				6603B5397F26AD3044FBB7FE /* ValidationBuilder.swift */,
				B04BB8F62F8B2ABA6D47D24D /* ValidationError.swift */,
				94325EB2FE35ACFE828D5C76 /* ValidationRules.swift */,
				59800F40A99A8315FD25B704 /* Validator.swift */,
			);
			path = Validator;
			sourceTree = "<group>";
		};
		9298348C732C68BCB7B56CAD /* Preview Content */ = {
			isa = PBXGroup;
			children = (
				F2C4D035169E50D1216CBDA7 /* Preview Assets.xcassets */,
			);
			path = "Preview Content";
			sourceTree = "<group>";
		};
		98C774AD7670126E5A617FD4 /* Tests */ = {
			isa = PBXGroup;
			children = (
				FD7F2E92BC7A6AAFED67E9FF /* KurlykTests.swift */,
			);
			path = Tests;
			sourceTree = "<group>";
		};
		99DA93C5594A266CCFDD0365 = {
			isa = PBXGroup;
			children = (
				2B07BF904A56F4EEEB4DE9CA /* project.yml */,
				A6CF5D0EC8C00CA04B9EE9EA /* AuthenticationFeature */,
				6B1A8B6056954C882C91E066 /* Domain */,
				09CD6CBFF65FD1B9A796F61B /* Kurlyk */,
				5E799CF4E872D43242776A3C /* UIComponents */,
				F14F685DD60C789DC42201BE /* Frameworks */,
				32F909E5CCF17E33FBCE5B71 /* Products */,
			);
			sourceTree = "<group>";
		};
		9C4B903FDA75AD3B4AF4604F /* Shared */ = {
			isa = PBXGroup;
			children = (
				B3830EFBCD68088405BD2CC8 /* DomainError.swift */,
				40E19B0455F9ED0D226D040E /* None.swift */,
				000F0ED3192EBC9E74611467 /* DI */,
				44DD896596EB1AFF247B2C4E /* Protocols */,
				1983BAB3E3AD88EC082694A1 /* Utils */,
				90B11BDBD606637AD9D7588E /* Validator */,
			);
			path = Shared;
			sourceTree = "<group>";
		};
		A4A567112946900B12C4ECF7 /* Resources */ = {
			isa = PBXGroup;
			children = (
				D98090A62B4549770E0245C4 /* Assets.xcassets */,
				2B36F7219A9475EB1E3624C5 /* Launch Screen.storyboard */,
				9298348C732C68BCB7B56CAD /* Preview Content */,
			);
			path = Resources;
			sourceTree = "<group>";
		};
		A6CF5D0EC8C00CA04B9EE9EA /* AuthenticationFeature */ = {
			isa = PBXGroup;
			children = (
				E9D32E7BC3D59E5B2BE181FD /* Sources */,
				BE611BB422847C68897618DD /* Tests */,
			);
			path = AuthenticationFeature;
			sourceTree = "<group>";
		};
		B14179FBF85FC3168AF35893 /* Fields */ = {
			isa = PBXGroup;
			children = (
				FF60ED2931098EC8A9C3376C /* NamedField.swift */,
			);
			path = Fields;
			sourceTree = "<group>";
		};
		B80CCF2E3B7C3B42DCC9702D /* Welcome */ = {
			isa = PBXGroup;
			children = (
				CD5844DD5CCD12A38F6DC291 /* WelcomeCore.swift */,
				910592E63E5BABA4C85D8443 /* WelcomeView.swift */,
			);
			path = Welcome;
			sourceTree = "<group>";
		};
		BACB75DFF7156A1B0F3FF73A /* Framework */ = {
			isa = PBXGroup;
			children = (
				9DB996B20FCD78793A777021 /* Info.plist */,
			);
			path = Framework;
			sourceTree = "<group>";
		};
		BE611BB422847C68897618DD /* Tests */ = {
			isa = PBXGroup;
			children = (
				7B8FD96D277277BD00480CE7 /* WelcomeCoreTests.swift */,
				7B8FD96C277277BC00480CE7 /* AuthenticationFeatureTests-Bridging-Header.h */,
				7B8FD96F27727ABA00480CE7 /* TestEnvironment.swift */,
			);
			path = Tests;
			sourceTree = "<group>";
		};
		C5230B39E4816B8494B32F10 /* Buttons */ = {
			isa = PBXGroup;
			children = (
				66528120CE291893BAA4724B /* FilledButton.swift */,
			);
			path = Buttons;
			sourceTree = "<group>";
		};
		CA56D5BC0D57B9FD2BFAB4A9 /* Framework */ = {
			isa = PBXGroup;
			children = (
				9C841BFDB30768DFCE68364D /* Info.plist */,
			);
			path = Framework;
			sourceTree = "<group>";
		};
		CF146DF840ACEF4BD8105814 /* Extensions */ = {
			isa = PBXGroup;
			children = (
				3CA243608FE96C99B5F45C53 /* Effect+Async.swift */,
				4176CCC7612BE15240552375 /* Publishers+None.swift */,
			);
			path = Extensions;
			sourceTree = "<group>";
		};
		D08F9C955E78B6024F4E2CE5 /* CreateUser */ = {
			isa = PBXGroup;
			children = (
				E6200615B4ED9917CBAFDEE1 /* CreateUserCore.swift */,
				9B10DAF9C852E2DEC12828EC /* CreateUserView.swift */,
				7043E89056804717438931DA /* UserCreationSucceedView.swift */,
			);
			path = CreateUser;
			sourceTree = "<group>";
		};
		DEB6F7E53916B6FC5E19AE0E /* Login */ = {
			isa = PBXGroup;
			children = (
				713D18EDED569ACC43AC9EFF /* LoginView.swift */,
			);
			path = Login;
			sourceTree = "<group>";
		};
		E9D32E7BC3D59E5B2BE181FD /* Sources */ = {
			isa = PBXGroup;
			children = (
				D08F9C955E78B6024F4E2CE5 /* CreateUser */,
				6081D37626779FA35E5DCA6A /* EntryPoint */,
				CA56D5BC0D57B9FD2BFAB4A9 /* Framework */,
				DEB6F7E53916B6FC5E19AE0E /* Login */,
				B80CCF2E3B7C3B42DCC9702D /* Welcome */,
			);
			path = Sources;
			sourceTree = "<group>";
		};
		F14F685DD60C789DC42201BE /* Frameworks */ = {
			isa = PBXGroup;
			children = (
				0372BBA52F916573C76B77D2 /* Nimble.xcframework */,
				23EDA01090583009DE0E2C8F /* Quick.xcframework */,
			);
			name = Frameworks;
			sourceTree = "<group>";
		};
		F991A87A258A2A3676983887 /* Common */ = {
			isa = PBXGroup;
			children = (
				07CA75A74F54E8E63A0D766F /* Mocks.swift */,
				67E72EBB6F8F296F2FF6B1DE /* TestError.swift */,
			);
			path = Common;
			sourceTree = "<group>";
		};
/* End PBXGroup section */

/* Begin PBXNativeTarget section */
		1617B8022C6D6243DF73F3F5 /* AuthenticationFeature */ = {
			isa = PBXNativeTarget;
			buildConfigurationList = E29D3598040E2570B4B2B210 /* Build configuration list for PBXNativeTarget "AuthenticationFeature" */;
			buildPhases = (
				E19DCEFBDEA779D4BEAECAEB /* Sources */,
				9E2E9A0D8DE28A2F809DEA12 /* Frameworks */,
			);
			buildRules = (
			);
			dependencies = (
				FAE29443FD43CFB05A287948 /* PBXTargetDependency */,
			);
			name = AuthenticationFeature;
			productName = AuthenticationFeature;
			productReference = 7EE28703280268DE39CA951F /* AuthenticationFeature.framework */;
			productType = "com.apple.product-type.framework";
		};
		76BC7BDD3C5CFB42ADB84016 /* UIComponents */ = {
			isa = PBXNativeTarget;
			buildConfigurationList = 9A8ED36B96DDC2316D398625 /* Build configuration list for PBXNativeTarget "UIComponents" */;
			buildPhases = (
				153546DC76D83F93AD0986C5 /* Sources */,
				FC5B03C9726BF896A0511FA2 /* Frameworks */,
			);
			buildRules = (
			);
			dependencies = (
				B96C8B0B8E1225A4494FA204 /* PBXTargetDependency */,
			);
			name = UIComponents;
			packageProductDependencies = (
				0A9B536E39E313AB9007EB43 /* ComposableArchitecture */,
			);
			productName = UIComponents;
			productReference = 82993EBECA0777052A54C1C5 /* UIComponents.framework */;
			productType = "com.apple.product-type.framework";
		};
		A8B94E9536D3A5C91B172555 /* AuthenticationFeatureTests */ = {
			isa = PBXNativeTarget;
			buildConfigurationList = 47C5591910568145DD4289AE /* Build configuration list for PBXNativeTarget "AuthenticationFeatureTests" */;
			buildPhases = (
				60EB64F71D8E3422E0EE904B /* Sources */,
				C180DD64E4CFA3F1B6508939 /* Frameworks */,
				679A6678E8C1F008B3DCB8E9 /* Embed Frameworks */,
			);
			buildRules = (
			);
			dependencies = (
				B0E46055CDEA27D77FBE089D /* PBXTargetDependency */,
			);
			name = AuthenticationFeatureTests;
			productName = AuthenticationFeatureTests;
			productReference = DC096609BE8F1DD572115A08 /* AuthenticationFeatureTests.xctest */;
			productType = "com.apple.product-type.bundle.unit-test";
		};
		CE11FFDF36710C2189FDFF53 /* Domain */ = {
			isa = PBXNativeTarget;
			buildConfigurationList = 287B3CF11C81BA70CC8CD3FC /* Build configuration list for PBXNativeTarget "Domain" */;
			buildPhases = (
				5920CD96BA958C25971604FC /* Sources */,
			);
			buildRules = (
			);
			dependencies = (
			);
			name = Domain;
			productName = Domain;
			productReference = 33ED4352394272BA7B178E0E /* Domain.framework */;
			productType = "com.apple.product-type.framework";
		};
		F500988C44A57EE19D8678F8 /* KurlykTests */ = {
			isa = PBXNativeTarget;
			buildConfigurationList = 785C81BD3ABE3C49563A73A7 /* Build configuration list for PBXNativeTarget "KurlykTests" */;
			buildPhases = (
				589AC03DA34A872D4FC23CF8 /* Sources */,
			);
			buildRules = (
			);
			dependencies = (
				0E199445231A37A74BAD4E6B /* PBXTargetDependency */,
			);
			name = KurlykTests;
			productName = KurlykTests;
			productReference = D82A843A1BB69F091169827C /* KurlykTests.xctest */;
			productType = "com.apple.product-type.bundle.unit-test";
		};
		F855B2E44F867E0ADD65FA3A /* Kurlyk */ = {
			isa = PBXNativeTarget;
			buildConfigurationList = B17CD02A5EF98F58A9DBC3EA /* Build configuration list for PBXNativeTarget "Kurlyk" */;
			buildPhases = (
				688B05BFB6CCE694225C885C /* Sources */,
				96565B32F9CDEAC7ADB8EA13 /* Resources */,
				6DB3F778405CB02E83AECFB9 /* Frameworks */,
				D947397AA1B6076017C5A749 /* Embed Frameworks */,
			);
			buildRules = (
			);
			dependencies = (
				4E372F9B96EB627A7C4B5BD8 /* PBXTargetDependency */,
			);
			name = Kurlyk;
			productName = Kurlyk;
			productReference = 3907E3E09A18B39836D36B3E /* Kurlyk.app */;
			productType = "com.apple.product-type.application";
		};
		FB38C009C7E055EA4310E1E8 /* DomainTests */ = {
			isa = PBXNativeTarget;
			buildConfigurationList = CD68FD3A9CA1D9803C674A3E /* Build configuration list for PBXNativeTarget "DomainTests" */;
			buildPhases = (
				ABA8322DB0BFA71FFD9BB58E /* Sources */,
				4935D04CAE8F70A3D3190F36 /* Frameworks */,
				27F22D05F35E72A85D02F1F9 /* Embed Frameworks */,
			);
			buildRules = (
			);
			dependencies = (
				703CA7024194469CAEF32F39 /* PBXTargetDependency */,
			);
			name = DomainTests;
			productName = DomainTests;
			productReference = B6FA2ABDE5928060EF2A1AD9 /* DomainTests.xctest */;
			productType = "com.apple.product-type.bundle.unit-test";
		};
/* End PBXNativeTarget section */

/* Begin PBXProject section */
		3739C1908CA6CBC8381E56E4 /* Project object */ = {
			isa = PBXProject;
			attributes = {
				LastUpgradeCheck = 1200;
				TargetAttributes = {
					1617B8022C6D6243DF73F3F5 = {
						DevelopmentTeam = YA3F4FB73R;
					};
					76BC7BDD3C5CFB42ADB84016 = {
						DevelopmentTeam = YA3F4FB73R;
					};
					A8B94E9536D3A5C91B172555 = {
						DevelopmentTeam = YA3F4FB73R;
						LastSwiftMigration = 1320;
					};
					CE11FFDF36710C2189FDFF53 = {
						DevelopmentTeam = YA3F4FB73R;
					};
					F500988C44A57EE19D8678F8 = {
						DevelopmentTeam = YA3F4FB73R;
					};
					F855B2E44F867E0ADD65FA3A = {
						DevelopmentTeam = YA3F4FB73R;
					};
					FB38C009C7E055EA4310E1E8 = {
						DevelopmentTeam = YA3F4FB73R;
					};
				};
			};
			buildConfigurationList = EFE956BC37E6840D9D30A592 /* Build configuration list for PBXProject "Kurlyk" */;
			compatibilityVersion = "Xcode 10.0";
			developmentRegion = en;
			hasScannedForEncodings = 0;
			knownRegions = (
				Base,
				en,
			);
			mainGroup = 99DA93C5594A266CCFDD0365;
			packageReferences = (
				AA4799E80FD02C53AAB1A4F7 /* XCRemoteSwiftPackageReference "swift-composable-architecture" */,
			);
			projectDirPath = "";
			projectRoot = "";
			targets = (
				1617B8022C6D6243DF73F3F5 /* AuthenticationFeature */,
				A8B94E9536D3A5C91B172555 /* AuthenticationFeatureTests */,
				CE11FFDF36710C2189FDFF53 /* Domain */,
				FB38C009C7E055EA4310E1E8 /* DomainTests */,
				F855B2E44F867E0ADD65FA3A /* Kurlyk */,
				F500988C44A57EE19D8678F8 /* KurlykTests */,
				76BC7BDD3C5CFB42ADB84016 /* UIComponents */,
			);
		};
/* End PBXProject section */

/* Begin PBXResourcesBuildPhase section */
		96565B32F9CDEAC7ADB8EA13 /* Resources */ = {
			isa = PBXResourcesBuildPhase;
			buildActionMask = 2147483647;
			files = (
				6DFDD2DE478DE20B5D328361 /* Assets.xcassets in Resources */,
				74A3670698CEDBCDC7C37CDA /* Launch Screen.storyboard in Resources */,
				E7FDA1C0A68C235CCF0B5E12 /* Preview Assets.xcassets in Resources */,
			);
			runOnlyForDeploymentPostprocessing = 0;
		};
/* End PBXResourcesBuildPhase section */

/* Begin PBXSourcesBuildPhase section */
		153546DC76D83F93AD0986C5 /* Sources */ = {
			isa = PBXSourcesBuildPhase;
			buildActionMask = 2147483647;
			files = (
				A70B01D8633F1AB910925067 /* Effect+Async.swift in Sources */,
				A512171210F054A413968E36 /* FilledButton.swift in Sources */,
				D6B9FF966DD2AF31A7A833AB /* NamedField.swift in Sources */,
				41DA9EDF8BB4F2633FE5FF8F /* Publishers+None.swift in Sources */,
			);
			runOnlyForDeploymentPostprocessing = 0;
		};
		589AC03DA34A872D4FC23CF8 /* Sources */ = {
			isa = PBXSourcesBuildPhase;
			buildActionMask = 2147483647;
			files = (
				9F231F55BA9A8C9ADE3EE362 /* KurlykTests.swift in Sources */,
			);
			runOnlyForDeploymentPostprocessing = 0;
		};
		5920CD96BA958C25971604FC /* Sources */ = {
			isa = PBXSourcesBuildPhase;
			buildActionMask = 2147483647;
			files = (
				3E7A3B6AB00DCB094FA48EAF /* CreateUserUseCase.swift in Sources */,
				D40FE71D786F92F25E478504 /* DI.swift in Sources */,
				EB713AFFEC4D747395DC5312 /* DomainError.swift in Sources */,
				B7FCA944A0B3282C09BFEC7F /* GetUserUseCase.swift in Sources */,
				3A7349F36A2EB163FA6CD943 /* None.swift in Sources */,
				A22624FE1064B93DC46E641C /* ThrowableCatchers.swift in Sources */,
				49323FAF2A398B04CD0BA054 /* UseCaseType.swift in Sources */,
				7C3307E3C00863021CE7FC2F /* User+Create.swift in Sources */,
				9E4310712E707994F419E2C0 /* User+Get.swift in Sources */,
				EEA700EFC2A1AD085D220A76 /* User.swift in Sources */,
				51BA273ABE8C16D6EE31E72A /* ValidateEntityUseCase.swift in Sources */,
				8EC964DCED3CD9A994CED21F /* ValidationBuilder.swift in Sources */,
				E76E5B4F78CDF40A1E6709BB /* ValidationError.swift in Sources */,
				48C643C10364D72DE95B4387 /* ValidationRules.swift in Sources */,
				2655F73DFEEE231632111B3A /* Validator.swift in Sources */,
			);
			runOnlyForDeploymentPostprocessing = 0;
		};
		60EB64F71D8E3422E0EE904B /* Sources */ = {
			isa = PBXSourcesBuildPhase;
			buildActionMask = 2147483647;
			files = (
				7B8FD96E277277BD00480CE7 /* WelcomeCoreTests.swift in Sources */,
				7B8FD97127727ACB00480CE7 /* TestEnvironment.swift in Sources */,
			);
			runOnlyForDeploymentPostprocessing = 0;
		};
		688B05BFB6CCE694225C885C /* Sources */ = {
			isa = PBXSourcesBuildPhase;
			buildActionMask = 2147483647;
			files = (
				684098D773CC8396139D79C3 /* AppAction.swift in Sources */,
				3323BFA01FC63338C94D561C /* AppEnvironment.swift in Sources */,
				335CF55F3EEC255A4EA68DA7 /* AppReducer.swift in Sources */,
				0FFFA5E0764505AD8008B11E /* AppState.swift in Sources */,
				7BF8FD5039608FFDDFF85778 /* AppView.swift in Sources */,
				BB6647B93731DE66E59A47C0 /* KurlykApp.swift in Sources */,
			);
			runOnlyForDeploymentPostprocessing = 0;
		};
		ABA8322DB0BFA71FFD9BB58E /* Sources */ = {
			isa = PBXSourcesBuildPhase;
			buildActionMask = 2147483647;
			files = (
				47F057760347689777433C02 /* CreateUserUseCaseTests.swift in Sources */,
				FAC0D8757BCAD722A988A245 /* Mocks.swift in Sources */,
				4F1F80E52195FF7FAB69AB94 /* TestError.swift in Sources */,
				6AED71ED8A5F799BE97ABC56 /* ValidateEntityUseCaseSpec.swift in Sources */,
				26E21A548FEA4722F09A822A /* ValidatorSpec.swift in Sources */,
			);
			runOnlyForDeploymentPostprocessing = 0;
		};
		E19DCEFBDEA779D4BEAECAEB /* Sources */ = {
			isa = PBXSourcesBuildPhase;
			buildActionMask = 2147483647;
			files = (
				E89EB0C92F01CDECB6381FDE /* AuthenticationCore.swift in Sources */,
				03D4B2791CAD79239916987D /* AuthenticationView.swift in Sources */,
				3156D2EA962DEDF585A84496 /* CreateUserCore.swift in Sources */,
				37B525C19EB695EBCD90F9D5 /* CreateUserView.swift in Sources */,
				2C0F2F15B14FB8AD5DAB46CB /* LoginView.swift in Sources */,
				41AEE8AEF2AB411230247C33 /* UserCreationSucceedView.swift in Sources */,
				63E28A654BEA2618AEB0A06D /* WelcomeCore.swift in Sources */,
				01D7CD4F92FA194A8021A13E /* WelcomeView.swift in Sources */,
			);
			runOnlyForDeploymentPostprocessing = 0;
		};
/* End PBXSourcesBuildPhase section */

/* Begin PBXTargetDependency section */
		0E199445231A37A74BAD4E6B /* PBXTargetDependency */ = {
			isa = PBXTargetDependency;
			target = F855B2E44F867E0ADD65FA3A /* Kurlyk */;
			targetProxy = 3F20802CBBCBB59DD696838A /* PBXContainerItemProxy */;
		};
		4E372F9B96EB627A7C4B5BD8 /* PBXTargetDependency */ = {
			isa = PBXTargetDependency;
			target = 1617B8022C6D6243DF73F3F5 /* AuthenticationFeature */;
			targetProxy = BF355B303F56F1B71B7630A2 /* PBXContainerItemProxy */;
		};
		703CA7024194469CAEF32F39 /* PBXTargetDependency */ = {
			isa = PBXTargetDependency;
			target = CE11FFDF36710C2189FDFF53 /* Domain */;
			targetProxy = 16C000EE1A16A5E0D9F8E5AA /* PBXContainerItemProxy */;
		};
		B0E46055CDEA27D77FBE089D /* PBXTargetDependency */ = {
			isa = PBXTargetDependency;
			target = 1617B8022C6D6243DF73F3F5 /* AuthenticationFeature */;
			targetProxy = 4C02E820C510E67CFDD67D62 /* PBXContainerItemProxy */;
		};
		B96C8B0B8E1225A4494FA204 /* PBXTargetDependency */ = {
			isa = PBXTargetDependency;
			target = CE11FFDF36710C2189FDFF53 /* Domain */;
			targetProxy = E12055BB81F3878072C4F2D2 /* PBXContainerItemProxy */;
		};
		FAE29443FD43CFB05A287948 /* PBXTargetDependency */ = {
			isa = PBXTargetDependency;
			target = 76BC7BDD3C5CFB42ADB84016 /* UIComponents */;
			targetProxy = D03E33F61D466CC9FB04FB07 /* PBXContainerItemProxy */;
		};
/* End PBXTargetDependency section */

/* Begin XCBuildConfiguration section */
		0D94DD42D055D4C0A1948949 /* Debug */ = {
			isa = XCBuildConfiguration;
			buildSettings = {
				CODE_SIGN_IDENTITY = "";
				CURRENT_PROJECT_VERSION = 1;
				DEFINES_MODULE = YES;
				DYLIB_COMPATIBILITY_VERSION = 1;
				DYLIB_CURRENT_VERSION = 1;
				DYLIB_INSTALL_NAME_BASE = "@rpath";
				INFOPLIST_FILE = UIComponents/Sources/Framework/Info.plist;
				INSTALL_PATH = "$(LOCAL_LIBRARY_DIR)/Frameworks";
				LD_RUNPATH_SEARCH_PATHS = (
					"$(inherited)",
					"@executable_path/Frameworks",
				);
				PRODUCT_BUNDLE_IDENTIFIER = "com.test-apps.UIComponents";
				SDKROOT = iphoneos;
				SKIP_INSTALL = YES;
				TARGETED_DEVICE_FAMILY = "1,2";
				VERSIONING_SYSTEM = "apple-generic";
			};
			name = Debug;
		};
		0FDB620286FB2309015C9AFA /* Debug */ = {
			isa = XCBuildConfiguration;
			buildSettings = {
				ASSETCATALOG_COMPILER_APPICON_NAME = AppIcon;
				BUNDLE_SHORT_VERSION = 1.0.0;
				BUNDLE_VERSION = 0;
				CODE_SIGN_IDENTITY = "iPhone Developer";
				INFOPLIST_FILE = Kurlyk/Sources/Application/Info.plist;
				LD_RUNPATH_SEARCH_PATHS = (
					"$(inherited)",
					"@executable_path/Frameworks",
				);
				PRODUCT_BUNDLE_IDENTIFIER = "com.test-apps.Kurlyk";
				SDKROOT = iphoneos;
				TARGETED_DEVICE_FAMILY = 1;
			};
			name = Debug;
		};
		12CA6354714BA4015613A330 /* Release */ = {
			isa = XCBuildConfiguration;
			buildSettings = {
				ALWAYS_SEARCH_USER_PATHS = NO;
				CLANG_ANALYZER_NONNULL = YES;
				CLANG_ANALYZER_NUMBER_OBJECT_CONVERSION = YES_AGGRESSIVE;
				CLANG_CXX_LANGUAGE_STANDARD = "gnu++14";
				CLANG_CXX_LIBRARY = "libc++";
				CLANG_ENABLE_MODULES = YES;
				CLANG_ENABLE_OBJC_ARC = YES;
				CLANG_ENABLE_OBJC_WEAK = YES;
				CLANG_WARN_BLOCK_CAPTURE_AUTORELEASING = YES;
				CLANG_WARN_BOOL_CONVERSION = YES;
				CLANG_WARN_COMMA = YES;
				CLANG_WARN_CONSTANT_CONVERSION = YES;
				CLANG_WARN_DEPRECATED_OBJC_IMPLEMENTATIONS = YES;
				CLANG_WARN_DIRECT_OBJC_ISA_USAGE = YES_ERROR;
				CLANG_WARN_DOCUMENTATION_COMMENTS = YES;
				CLANG_WARN_EMPTY_BODY = YES;
				CLANG_WARN_ENUM_CONVERSION = YES;
				CLANG_WARN_INFINITE_RECURSION = YES;
				CLANG_WARN_INT_CONVERSION = YES;
				CLANG_WARN_NON_LITERAL_NULL_CONVERSION = YES;
				CLANG_WARN_OBJC_IMPLICIT_RETAIN_SELF = YES;
				CLANG_WARN_OBJC_LITERAL_CONVERSION = YES;
				CLANG_WARN_OBJC_ROOT_CLASS = YES_ERROR;
				CLANG_WARN_QUOTED_INCLUDE_IN_FRAMEWORK_HEADER = YES;
				CLANG_WARN_RANGE_LOOP_ANALYSIS = YES;
				CLANG_WARN_STRICT_PROTOTYPES = YES;
				CLANG_WARN_SUSPICIOUS_MOVE = YES;
				CLANG_WARN_UNGUARDED_AVAILABILITY = YES_AGGRESSIVE;
				CLANG_WARN_UNREACHABLE_CODE = YES;
				CLANG_WARN__DUPLICATE_METHOD_MATCH = YES;
				COPY_PHASE_STRIP = NO;
				DEBUG_INFORMATION_FORMAT = "dwarf-with-dsym";
				DEVELOPMENT_TEAM = YA3F4FB73R;
				ENABLE_NS_ASSERTIONS = NO;
				ENABLE_STRICT_OBJC_MSGSEND = YES;
				GCC_C_LANGUAGE_STANDARD = gnu11;
				GCC_NO_COMMON_BLOCKS = YES;
				GCC_WARN_64_TO_32_BIT_CONVERSION = YES;
				GCC_WARN_ABOUT_RETURN_TYPE = YES_ERROR;
				GCC_WARN_UNDECLARED_SELECTOR = YES;
				GCC_WARN_UNINITIALIZED_AUTOS = YES_AGGRESSIVE;
				GCC_WARN_UNUSED_FUNCTION = YES;
				GCC_WARN_UNUSED_VARIABLE = YES;
				IPHONEOS_DEPLOYMENT_TARGET = 15.0;
				MTL_ENABLE_DEBUG_INFO = NO;
				MTL_FAST_MATH = YES;
				PRODUCT_NAME = "$(TARGET_NAME)";
				SDKROOT = iphoneos;
				SWIFT_COMPILATION_MODE = wholemodule;
				SWIFT_OPTIMIZATION_LEVEL = "-O";
				SWIFT_VERSION = 5.0;
			};
			name = Release;
		};
		31D384D3C8646303C80235DB /* Release */ = {
			isa = XCBuildConfiguration;
			buildSettings = {
				CODE_SIGN_IDENTITY = "";
				CURRENT_PROJECT_VERSION = 1;
				DEFINES_MODULE = YES;
				DYLIB_COMPATIBILITY_VERSION = 1;
				DYLIB_CURRENT_VERSION = 1;
				DYLIB_INSTALL_NAME_BASE = "@rpath";
				INFOPLIST_FILE = UIComponents/Sources/Framework/Info.plist;
				INSTALL_PATH = "$(LOCAL_LIBRARY_DIR)/Frameworks";
				LD_RUNPATH_SEARCH_PATHS = (
					"$(inherited)",
					"@executable_path/Frameworks",
				);
				PRODUCT_BUNDLE_IDENTIFIER = "com.test-apps.UIComponents";
				SDKROOT = iphoneos;
				SKIP_INSTALL = YES;
				TARGETED_DEVICE_FAMILY = "1,2";
				VERSIONING_SYSTEM = "apple-generic";
			};
			name = Release;
		};
		321853BE5DA4227A952F5CB2 /* Debug */ = {
			isa = XCBuildConfiguration;
			buildSettings = {
				BUNDLE_LOADER = "$(TEST_HOST)";
				FRAMEWORK_SEARCH_PATHS = (
					"$(inherited)",
					"\"Carthage/Build\"",
				);
				LD_RUNPATH_SEARCH_PATHS = (
					"$(inherited)",
					"@executable_path/Frameworks",
					"@loader_path/Frameworks",
				);
				PRODUCT_BUNDLE_IDENTIFIER = "com.test-apps.DomainTests";
				SDKROOT = iphoneos;
				SWIFT_OBJC_BRIDGING_HEADER = "Domain/Tests/DomainTests-Bridging-Header.h";
				TARGETED_DEVICE_FAMILY = "1,2";
			};
			name = Debug;
		};
		357171389F01CD3788DFD08F /* Release */ = {
			isa = XCBuildConfiguration;
			buildSettings = {
				BUNDLE_LOADER = "$(TEST_HOST)";
				CLANG_ENABLE_MODULES = YES;
				LD_RUNPATH_SEARCH_PATHS = (
					"$(inherited)",
					"@executable_path/Frameworks",
					"@loader_path/Frameworks",
				);
				PRODUCT_BUNDLE_IDENTIFIER = "com.test-apps.AuthenticationFeatureTests";
				SDKROOT = iphoneos;
				SWIFT_OBJC_BRIDGING_HEADER = "AuthenticationFeature/Tests/AuthenticationFeatureTests-Bridging-Header.h";
				SWIFT_VERSION = 5.0;
				TARGETED_DEVICE_FAMILY = "1,2";
			};
			name = Release;
		};
		3E6EF08524F1F7F311A0939C /* Release */ = {
			isa = XCBuildConfiguration;
			buildSettings = {
				ASSETCATALOG_COMPILER_APPICON_NAME = AppIcon;
				BUNDLE_SHORT_VERSION = 1.0.0;
				BUNDLE_VERSION = 0;
				CODE_SIGN_IDENTITY = "iPhone Developer";
				INFOPLIST_FILE = Kurlyk/Sources/Application/Info.plist;
				LD_RUNPATH_SEARCH_PATHS = (
					"$(inherited)",
					"@executable_path/Frameworks",
				);
				PRODUCT_BUNDLE_IDENTIFIER = "com.test-apps.Kurlyk";
				SDKROOT = iphoneos;
				TARGETED_DEVICE_FAMILY = 1;
			};
			name = Release;
		};
		4542B585C10025A39DF36985 /* Debug */ = {
			isa = XCBuildConfiguration;
			buildSettings = {
				CODE_SIGN_IDENTITY = "";
				CURRENT_PROJECT_VERSION = 1;
				DEFINES_MODULE = YES;
				DYLIB_COMPATIBILITY_VERSION = 1;
				DYLIB_CURRENT_VERSION = 1;
				DYLIB_INSTALL_NAME_BASE = "@rpath";
				INFOPLIST_FILE = Domain/Sources/Framework/Info.plist;
				INSTALL_PATH = "$(LOCAL_LIBRARY_DIR)/Frameworks";
				LD_RUNPATH_SEARCH_PATHS = (
					"$(inherited)",
					"@executable_path/Frameworks",
				);
				PRODUCT_BUNDLE_IDENTIFIER = "com.test-apps.Domain";
				SDKROOT = iphoneos;
				SKIP_INSTALL = YES;
				TARGETED_DEVICE_FAMILY = "1,2";
				VERSIONING_SYSTEM = "apple-generic";
			};
			name = Debug;
		};
		48A090918CF36F0DD82C39EB /* Debug */ = {
			isa = XCBuildConfiguration;
			buildSettings = {
				CODE_SIGN_IDENTITY = "";
				CURRENT_PROJECT_VERSION = 1;
				DEFINES_MODULE = YES;
				DYLIB_COMPATIBILITY_VERSION = 1;
				DYLIB_CURRENT_VERSION = 1;
				DYLIB_INSTALL_NAME_BASE = "@rpath";
				INFOPLIST_FILE = AuthenticationFeature/Sources/Framework/Info.plist;
				INSTALL_PATH = "$(LOCAL_LIBRARY_DIR)/Frameworks";
				LD_RUNPATH_SEARCH_PATHS = (
					"$(inherited)",
					"@executable_path/Frameworks",
				);
				PRODUCT_BUNDLE_IDENTIFIER = "com.test-apps.AuthenticationFeature";
				SDKROOT = iphoneos;
				SKIP_INSTALL = YES;
				TARGETED_DEVICE_FAMILY = "1,2";
				VERSIONING_SYSTEM = "apple-generic";
			};
			name = Debug;
		};
		796DED1C388C024E5D0C4C81 /* Debug */ = {
			isa = XCBuildConfiguration;
			buildSettings = {
				BUNDLE_LOADER = "$(TEST_HOST)";
				LD_RUNPATH_SEARCH_PATHS = (
					"$(inherited)",
					"@executable_path/Frameworks",
					"@loader_path/Frameworks",
				);
				PRODUCT_BUNDLE_IDENTIFIER = "com.test-apps.KurlykTests";
				SDKROOT = iphoneos;
				TARGETED_DEVICE_FAMILY = "1,2";
				TEST_HOST = "$(BUILT_PRODUCTS_DIR)/Kurlyk.app/Kurlyk";
			};
			name = Debug;
		};
		A235327D304BACB3FE96DEDA /* Release */ = {
			isa = XCBuildConfiguration;
			buildSettings = {
				CODE_SIGN_IDENTITY = "";
				CURRENT_PROJECT_VERSION = 1;
				DEFINES_MODULE = YES;
				DYLIB_COMPATIBILITY_VERSION = 1;
				DYLIB_CURRENT_VERSION = 1;
				DYLIB_INSTALL_NAME_BASE = "@rpath";
				INFOPLIST_FILE = AuthenticationFeature/Sources/Framework/Info.plist;
				INSTALL_PATH = "$(LOCAL_LIBRARY_DIR)/Frameworks";
				LD_RUNPATH_SEARCH_PATHS = (
					"$(inherited)",
					"@executable_path/Frameworks",
				);
				PRODUCT_BUNDLE_IDENTIFIER = "com.test-apps.AuthenticationFeature";
				SDKROOT = iphoneos;
				SKIP_INSTALL = YES;
				TARGETED_DEVICE_FAMILY = "1,2";
				VERSIONING_SYSTEM = "apple-generic";
			};
			name = Release;
		};
		AA1F4974F4EFDB063A6BA6E0 /* Debug */ = {
			isa = XCBuildConfiguration;
			buildSettings = {
				BUNDLE_LOADER = "$(TEST_HOST)";
				CLANG_ENABLE_MODULES = YES;
				LD_RUNPATH_SEARCH_PATHS = (
					"$(inherited)",
					"@executable_path/Frameworks",
					"@loader_path/Frameworks",
				);
				PRODUCT_BUNDLE_IDENTIFIER = "com.test-apps.AuthenticationFeatureTests";
				SDKROOT = iphoneos;
				SWIFT_OBJC_BRIDGING_HEADER = "AuthenticationFeature/Tests/AuthenticationFeatureTests-Bridging-Header.h";
				SWIFT_OPTIMIZATION_LEVEL = "-Onone";
				SWIFT_VERSION = 5.0;
				TARGETED_DEVICE_FAMILY = "1,2";
			};
			name = Debug;
		};
		AD185F734A633658E4BDC59E /* Release */ = {
			isa = XCBuildConfiguration;
			buildSettings = {
				CODE_SIGN_IDENTITY = "";
				CURRENT_PROJECT_VERSION = 1;
				DEFINES_MODULE = YES;
				DYLIB_COMPATIBILITY_VERSION = 1;
				DYLIB_CURRENT_VERSION = 1;
				DYLIB_INSTALL_NAME_BASE = "@rpath";
				INFOPLIST_FILE = Domain/Sources/Framework/Info.plist;
				INSTALL_PATH = "$(LOCAL_LIBRARY_DIR)/Frameworks";
				LD_RUNPATH_SEARCH_PATHS = (
					"$(inherited)",
					"@executable_path/Frameworks",
				);
				PRODUCT_BUNDLE_IDENTIFIER = "com.test-apps.Domain";
				SDKROOT = iphoneos;
				SKIP_INSTALL = YES;
				TARGETED_DEVICE_FAMILY = "1,2";
				VERSIONING_SYSTEM = "apple-generic";
			};
			name = Release;
		};
		CEF01F64A89A8E3158D5DF4E /* Release */ = {
			isa = XCBuildConfiguration;
			buildSettings = {
				BUNDLE_LOADER = "$(TEST_HOST)";
				FRAMEWORK_SEARCH_PATHS = (
					"$(inherited)",
					"\"Carthage/Build\"",
				);
				LD_RUNPATH_SEARCH_PATHS = (
					"$(inherited)",
					"@executable_path/Frameworks",
					"@loader_path/Frameworks",
				);
				PRODUCT_BUNDLE_IDENTIFIER = "com.test-apps.DomainTests";
				SDKROOT = iphoneos;
				SWIFT_OBJC_BRIDGING_HEADER = "Domain/Tests/DomainTests-Bridging-Header.h";
				TARGETED_DEVICE_FAMILY = "1,2";
			};
			name = Release;
		};
		DE1D7B91CA8B4A8AEFD3D90E /* Release */ = {
			isa = XCBuildConfiguration;
			buildSettings = {
				BUNDLE_LOADER = "$(TEST_HOST)";
				LD_RUNPATH_SEARCH_PATHS = (
					"$(inherited)",
					"@executable_path/Frameworks",
					"@loader_path/Frameworks",
				);
				PRODUCT_BUNDLE_IDENTIFIER = "com.test-apps.KurlykTests";
				SDKROOT = iphoneos;
				TARGETED_DEVICE_FAMILY = "1,2";
				TEST_HOST = "$(BUILT_PRODUCTS_DIR)/Kurlyk.app/Kurlyk";
			};
			name = Release;
		};
		E64BC7AD93F993106BA0F6B4 /* Debug */ = {
			isa = XCBuildConfiguration;
			buildSettings = {
				ALWAYS_SEARCH_USER_PATHS = NO;
				CLANG_ANALYZER_NONNULL = YES;
				CLANG_ANALYZER_NUMBER_OBJECT_CONVERSION = YES_AGGRESSIVE;
				CLANG_CXX_LANGUAGE_STANDARD = "gnu++14";
				CLANG_CXX_LIBRARY = "libc++";
				CLANG_ENABLE_MODULES = YES;
				CLANG_ENABLE_OBJC_ARC = YES;
				CLANG_ENABLE_OBJC_WEAK = YES;
				CLANG_WARN_BLOCK_CAPTURE_AUTORELEASING = YES;
				CLANG_WARN_BOOL_CONVERSION = YES;
				CLANG_WARN_COMMA = YES;
				CLANG_WARN_CONSTANT_CONVERSION = YES;
				CLANG_WARN_DEPRECATED_OBJC_IMPLEMENTATIONS = YES;
				CLANG_WARN_DIRECT_OBJC_ISA_USAGE = YES_ERROR;
				CLANG_WARN_DOCUMENTATION_COMMENTS = YES;
				CLANG_WARN_EMPTY_BODY = YES;
				CLANG_WARN_ENUM_CONVERSION = YES;
				CLANG_WARN_INFINITE_RECURSION = YES;
				CLANG_WARN_INT_CONVERSION = YES;
				CLANG_WARN_NON_LITERAL_NULL_CONVERSION = YES;
				CLANG_WARN_OBJC_IMPLICIT_RETAIN_SELF = YES;
				CLANG_WARN_OBJC_LITERAL_CONVERSION = YES;
				CLANG_WARN_OBJC_ROOT_CLASS = YES_ERROR;
				CLANG_WARN_QUOTED_INCLUDE_IN_FRAMEWORK_HEADER = YES;
				CLANG_WARN_RANGE_LOOP_ANALYSIS = YES;
				CLANG_WARN_STRICT_PROTOTYPES = YES;
				CLANG_WARN_SUSPICIOUS_MOVE = YES;
				CLANG_WARN_UNGUARDED_AVAILABILITY = YES_AGGRESSIVE;
				CLANG_WARN_UNREACHABLE_CODE = YES;
				CLANG_WARN__DUPLICATE_METHOD_MATCH = YES;
				COPY_PHASE_STRIP = NO;
				DEBUG_INFORMATION_FORMAT = dwarf;
				DEVELOPMENT_TEAM = YA3F4FB73R;
				ENABLE_STRICT_OBJC_MSGSEND = YES;
				ENABLE_TESTABILITY = YES;
				GCC_C_LANGUAGE_STANDARD = gnu11;
				GCC_DYNAMIC_NO_PIC = NO;
				GCC_NO_COMMON_BLOCKS = YES;
				GCC_OPTIMIZATION_LEVEL = 0;
				GCC_PREPROCESSOR_DEFINITIONS = (
					"$(inherited)",
					"DEBUG=1",
				);
				GCC_WARN_64_TO_32_BIT_CONVERSION = YES;
				GCC_WARN_ABOUT_RETURN_TYPE = YES_ERROR;
				GCC_WARN_UNDECLARED_SELECTOR = YES;
				GCC_WARN_UNINITIALIZED_AUTOS = YES_AGGRESSIVE;
				GCC_WARN_UNUSED_FUNCTION = YES;
				GCC_WARN_UNUSED_VARIABLE = YES;
				IPHONEOS_DEPLOYMENT_TARGET = 15.0;
				MTL_ENABLE_DEBUG_INFO = INCLUDE_SOURCE;
				MTL_FAST_MATH = YES;
				ONLY_ACTIVE_ARCH = YES;
				PRODUCT_NAME = "$(TARGET_NAME)";
				SDKROOT = iphoneos;
				SWIFT_ACTIVE_COMPILATION_CONDITIONS = DEBUG;
				SWIFT_OPTIMIZATION_LEVEL = "-Onone";
				SWIFT_VERSION = 5.0;
			};
			name = Debug;
		};
/* End XCBuildConfiguration section */

/* Begin XCConfigurationList section */
		287B3CF11C81BA70CC8CD3FC /* Build configuration list for PBXNativeTarget "Domain" */ = {
			isa = XCConfigurationList;
			buildConfigurations = (
				4542B585C10025A39DF36985 /* Debug */,
				AD185F734A633658E4BDC59E /* Release */,
			);
			defaultConfigurationIsVisible = 0;
			defaultConfigurationName = Debug;
		};
		47C5591910568145DD4289AE /* Build configuration list for PBXNativeTarget "AuthenticationFeatureTests" */ = {
			isa = XCConfigurationList;
			buildConfigurations = (
				AA1F4974F4EFDB063A6BA6E0 /* Debug */,
				357171389F01CD3788DFD08F /* Release */,
			);
			defaultConfigurationIsVisible = 0;
			defaultConfigurationName = Debug;
		};
		785C81BD3ABE3C49563A73A7 /* Build configuration list for PBXNativeTarget "KurlykTests" */ = {
			isa = XCConfigurationList;
			buildConfigurations = (
				796DED1C388C024E5D0C4C81 /* Debug */,
				DE1D7B91CA8B4A8AEFD3D90E /* Release */,
			);
			defaultConfigurationIsVisible = 0;
			defaultConfigurationName = Debug;
		};
		9A8ED36B96DDC2316D398625 /* Build configuration list for PBXNativeTarget "UIComponents" */ = {
			isa = XCConfigurationList;
			buildConfigurations = (
				0D94DD42D055D4C0A1948949 /* Debug */,
				31D384D3C8646303C80235DB /* Release */,
			);
			defaultConfigurationIsVisible = 0;
			defaultConfigurationName = Debug;
		};
		B17CD02A5EF98F58A9DBC3EA /* Build configuration list for PBXNativeTarget "Kurlyk" */ = {
			isa = XCConfigurationList;
			buildConfigurations = (
				0FDB620286FB2309015C9AFA /* Debug */,
				3E6EF08524F1F7F311A0939C /* Release */,
			);
			defaultConfigurationIsVisible = 0;
			defaultConfigurationName = Debug;
		};
		CD68FD3A9CA1D9803C674A3E /* Build configuration list for PBXNativeTarget "DomainTests" */ = {
			isa = XCConfigurationList;
			buildConfigurations = (
				321853BE5DA4227A952F5CB2 /* Debug */,
				CEF01F64A89A8E3158D5DF4E /* Release */,
			);
			defaultConfigurationIsVisible = 0;
			defaultConfigurationName = Debug;
		};
		E29D3598040E2570B4B2B210 /* Build configuration list for PBXNativeTarget "AuthenticationFeature" */ = {
			isa = XCConfigurationList;
			buildConfigurations = (
				48A090918CF36F0DD82C39EB /* Debug */,
				A235327D304BACB3FE96DEDA /* Release */,
			);
			defaultConfigurationIsVisible = 0;
			defaultConfigurationName = Debug;
		};
		EFE956BC37E6840D9D30A592 /* Build configuration list for PBXProject "Kurlyk" */ = {
			isa = XCConfigurationList;
			buildConfigurations = (
				E64BC7AD93F993106BA0F6B4 /* Debug */,
				12CA6354714BA4015613A330 /* Release */,
			);
			defaultConfigurationIsVisible = 0;
			defaultConfigurationName = Debug;
		};
/* End XCConfigurationList section */

/* Begin XCRemoteSwiftPackageReference section */
		AA4799E80FD02C53AAB1A4F7 /* XCRemoteSwiftPackageReference "swift-composable-architecture" */ = {
			isa = XCRemoteSwiftPackageReference;
			repositoryURL = "https://github.com/pointfreeco/swift-composable-architecture";
			requirement = {
				kind = upToNextMajorVersion;
				minimumVersion = 0.28.1;
			};
		};
/* End XCRemoteSwiftPackageReference section */

/* Begin XCSwiftPackageProductDependency section */
		0A9B536E39E313AB9007EB43 /* ComposableArchitecture */ = {
			isa = XCSwiftPackageProductDependency;
			package = AA4799E80FD02C53AAB1A4F7 /* XCRemoteSwiftPackageReference "swift-composable-architecture" */;
			productName = ComposableArchitecture;
		};
/* End XCSwiftPackageProductDependency section */
	};
	rootObject = 3739C1908CA6CBC8381E56E4 /* Project object */;
}
